
Microsoft Visual Studio Solution File, Format Version 12.00
# Visual Studio Version 17
VisualStudioVersion = 17.1.32319.34
MinimumVisualStudioVersion = 10.0.40219.1
Project("{FAE04EC0-301F-11D3-BF4B-00C04F79EFBC}") = "UAInnovateChallenge", "UAInnovateChallenge\UAInnovateChallenge.csproj", "{F2AE0C27-3DEB-4E47-947B-6EEB6C38D596}"
EndProject
Global
	GlobalSection(SolutionConfigurationPlatforms) = preSolution
		Debug|Any CPU = Debug|Any CPU
		Release|Any CPU = Release|Any CPU
	EndGlobalSection
	GlobalSection(ProjectConfigurationPlatforms) = postSolution
		{F2AE0C27-3DEB-4E47-947B-6EEB6C38D596}.Debug|Any CPU.ActiveCfg = Debug|Any CPU
		{F2AE0C27-3DEB-4E47-947B-6EEB6C38D596}.Debug|Any CPU.Build.0 = Debug|Any CPU
		{F2AE0C27-3DEB-4E47-947B-6EEB6C38D596}.Release|Any CPU.ActiveCfg = Release|Any CPU
		{F2AE0C27-3DEB-4E47-947B-6EEB6C38D596}.Release|Any CPU.Build.0 = Release|Any CPU
	EndGlobalSection
	GlobalSection(SolutionProperties) = preSolution
		HideSolutionNode = FALSE
	EndGlobalSection
	GlobalSection(ExtensibilityGlobals) = postSolution
		SolutionGuid = {884E2D01-E049-4A07-B07F-C1C4024032B6}
	EndGlobalSection
EndGlobal
